# THIS IS AN AUTOGENERATED FILE. DO NOT EDIT THIS FILE DIRECTLY.
# yarn lockfile v1


chess.js@^0.11.0:
  version "0.11.0"
  resolved "https://registry.yarnpkg.com/chess.js/-/chess.js-0.11.0.tgz#e1802179b944eab5daf11b5d4bce08cdcadbeffa"
  integrity sha512-yTpi6XbRMkBtnjSvbt6wEp9Y7JzhJl1MC3GNn67q5ClyccXxCRf5cMPSUg4OblrUapg1kLHm7WzxxEVp20NK1Q==
